{
  "nodes": {
    "base16": {
      "inputs": {
        "fromYaml": "fromYaml"
      },
      "locked": {
        "lastModified": 1721224776,
        "narHash": "sha256-iakVQHg2DSmdOc5dNBwrDt9JLRxX5MT+IIbxfZEpGdo=",
        "owner": "SenchoPens",
        "repo": "base16.nix",
        "rev": "c89c8123310257f3ddc04cc59aa4b5573c6d515f",
        "type": "github"
      },
      "original": {
        "owner": "SenchoPens",
        "repo": "base16.nix",
        "type": "github"
      }
    },
    "fromYaml": {
      "flake": false,
      "locked": {
        "lastModified": 1721222302,
        "narHash": "sha256-5vL4w9+tS9yd8WpIiDUtxN1IuxCVK2nebZMs/hCXXis=",
        "owner": "SenchoPens",
        "repo": "fromYaml",
        "rev": "93bad85d1633b8b27287b438c0bd394094c24d06",
        "type": "github"
      },
      "original": {
        "owner": "SenchoPens",
        "repo": "fromYaml",
        "type": "github"
      }
    },
    "hardware": {
      "locked": {
        "lastModified": 1725477728,
        "narHash": "sha256-ahej1VRqKmWbG7gewty+GlrSBEeGY/J2Zy8Nt8+3fdg=",
        "owner": "nixos",
        "repo": "nixos-hardware",
        "rev": "880be1ab837e1e9fe0449dae41ac4d034694d4ce",
        "type": "github"
      },
      "original": {
        "owner": "nixos",
        "repo": "nixos-hardware",
        "type": "github"
      }
    },
    "home-manager": {
      "inputs": {
        "nixpkgs": [
          "nixpkgs"
        ]
      },
      "locked": {
        "lastModified": 1725628988,
        "narHash": "sha256-Y6TBMTGu4bddUwszGjlcOuN0soVc1Gv43hp+1sT/GNI=",
        "owner": "nix-community",
        "repo": "home-manager",
        "rev": "127ccc3eb7e36fa75e8c3fbd8a343154f66cc1c6",
        "type": "github"
      },
      "original": {
        "owner": "nix-community",
        "repo": "home-manager",
        "type": "github"
      }
    },
    "nixpkgs": {
      "locked": {
        "lastModified": 1726243404,
        "narHash": "sha256-sjiGsMh+1cWXb53Tecsm4skyFNag33GPbVgCdfj3n9I=",
        "owner": "nixos",
        "repo": "nixpkgs",
        "rev": "345c263f2f53a3710abe117f28a5cb86d0ba4059",
        "type": "github"
      },
      "original": {
        "owner": "nixos",
        "ref": "nixos-unstable",
        "repo": "nixpkgs",
        "type": "github"
      }
    },
    "nixpkgs-stable": {
      "locked": {
        "lastModified": 1725407940,
        "narHash": "sha256-tiN5Rlg/jiY0tyky+soJZoRzLKbPyIdlQ77xVgREDNM=",
        "owner": "nixos",
        "repo": "nixpkgs",
        "rev": "6f6c45b5134a8ee2e465164811e451dcb5ad86e3",
        "type": "github"
      },
      "original": {
        "owner": "nixos",
        "ref": "nixos-24.05",
        "repo": "nixpkgs",
        "type": "github"
      }
    },
    "root": {
      "inputs": {
        "base16": "base16",
        "hardware": "hardware",
        "home-manager": "home-manager",
        "nixpkgs": "nixpkgs",
        "nixpkgs-stable": "nixpkgs-stable",
        "theme_tokyonight": "theme_tokyonight"
      }
    },
    "theme_tokyonight": {
      "flake": false,
      "locked": {
        "lastModified": 1725089858,
        "narHash": "sha256-kxsNappeZSlUkPbxlgGZKKJGGZj2Ny0i2a+6G+8nH7s=",
        "owner": "folke",
        "repo": "tokyonight.nvim",
        "rev": "4b386e66a9599057587c30538d5e6192e3d1c181",
        "type": "github"
      },
      "original": {
        "owner": "folke",
        "repo": "tokyonight.nvim",
        "type": "github"
      }
    }
  },
  "root": "root",
  "version": 7
}
